
Microsoft Visual Studio Solution File, Format Version 12.00
# Visual Studio Version 17
VisualStudioVersion = 17.7.34202.233
MinimumVisualStudioVersion = 10.0.40219.1
Project("{FAE04EC0-301F-11D3-BF4B-00C04F79EFBC}") = "Rusal_228", "Rusal_228\Rusal_228.csproj", "{26D81F8E-5A7E-42FE-823D-34EFBAE60F4D}"
EndProject
Global
	GlobalSection(SolutionConfigurationPlatforms) = preSolution
		Debug|Any CPU = Debug|Any CPU
		Release|Any CPU = Release|Any CPU
	EndGlobalSection
	GlobalSection(ProjectConfigurationPlatforms) = postSolution
		{26D81F8E-5A7E-42FE-823D-34EFBAE60F4D}.Debug|Any CPU.ActiveCfg = Debug|Any CPU
		{26D81F8E-5A7E-42FE-823D-34EFBAE60F4D}.Debug|Any CPU.Build.0 = Debug|Any CPU
		{26D81F8E-5A7E-42FE-823D-34EFBAE60F4D}.Release|Any CPU.ActiveCfg = Release|Any CPU
		{26D81F8E-5A7E-42FE-823D-34EFBAE60F4D}.Release|Any CPU.Build.0 = Release|Any CPU
	EndGlobalSection
	GlobalSection(SolutionProperties) = preSolution
		HideSolutionNode = FALSE
	EndGlobalSection
	GlobalSection(ExtensibilityGlobals) = postSolution
		SolutionGuid = {C2BEAC42-EE37-486F-8755-67D0DFB2D58D}
	EndGlobalSection
EndGlobal
